
Microsoft Visual Studio Solution File, Format Version 12.00
# Visual Studio Version 17
VisualStudioVersion = 17.8.34330.188
MinimumVisualStudioVersion = 10.0.40219.1
Project("{FAE04EC0-301F-11D3-BF4B-00C04F79EFBC}") = "FoodHelper", "FoodHelper.csproj", "{772F76CD-7317-4248-9E2C-5B25EB49E48D}"
EndProject
Project("{FAE04EC0-301F-11D3-BF4B-00C04F79EFBC}") = "FoodHelper.Data", "..\FoodHelper.Data\FoodHelper.Data.csproj", "{1E4BAD6B-CBF0-40CE-BD1A-5AF7B7943BEB}"
EndProject
Global
	GlobalSection(SolutionConfigurationPlatforms) = preSolution
		Debug|Any CPU = Debug|Any CPU
		Release|Any CPU = Release|Any CPU
	EndGlobalSection
	GlobalSection(ProjectConfigurationPlatforms) = postSolution
		{772F76CD-7317-4248-9E2C-5B25EB49E48D}.Debug|Any CPU.ActiveCfg = Debug|Any CPU
		{772F76CD-7317-4248-9E2C-5B25EB49E48D}.Debug|Any CPU.Build.0 = Debug|Any CPU
		{772F76CD-7317-4248-9E2C-5B25EB49E48D}.Release|Any CPU.ActiveCfg = Release|Any CPU
		{772F76CD-7317-4248-9E2C-5B25EB49E48D}.Release|Any CPU.Build.0 = Release|Any CPU
		{1E4BAD6B-CBF0-40CE-BD1A-5AF7B7943BEB}.Debug|Any CPU.ActiveCfg = Debug|Any CPU
		{1E4BAD6B-CBF0-40CE-BD1A-5AF7B7943BEB}.Debug|Any CPU.Build.0 = Debug|Any CPU
		{1E4BAD6B-CBF0-40CE-BD1A-5AF7B7943BEB}.Release|Any CPU.ActiveCfg = Release|Any CPU
		{1E4BAD6B-CBF0-40CE-BD1A-5AF7B7943BEB}.Release|Any CPU.Build.0 = Release|Any CPU
	EndGlobalSection
	GlobalSection(SolutionProperties) = preSolution
		HideSolutionNode = FALSE
	EndGlobalSection
	GlobalSection(ExtensibilityGlobals) = postSolution
		SolutionGuid = {A540B27E-EF5F-456D-91AA-341F73DF11B7}
	EndGlobalSection
EndGlobal
